// !$*UTF8*$!
{
	archiveVersion = 1;
	classes = {
	};
	objectVersion = 46;
	objects = {

/* Begin PBXBuildFile section */
		1A68ECCD1DEC0679001218E3 /* main.m in Sources */ = {isa = PBXBuildFile; fileRef = 1A68ECCC1DEC0679001218E3 /* main.m */; };
		1A68ECD01DEC0679001218E3 /* AppDelegate.m in Sources */ = {isa = PBXBuildFile; fileRef = 1A68ECCF1DEC0679001218E3 /* AppDelegate.m */; };
		1A68ECD31DEC0679001218E3 /* ViewController.m in Sources */ = {isa = PBXBuildFile; fileRef = 1A68ECD21DEC0679001218E3 /* ViewController.m */; };
		1A68ECD61DEC0679001218E3 /* Main.storyboard in Resources */ = {isa = PBXBuildFile; fileRef = 1A68ECD41DEC0679001218E3 /* Main.storyboard */; };
		1A68ECD81DEC0679001218E3 /* Assets.xcassets in Resources */ = {isa = PBXBuildFile; fileRef = 1A68ECD71DEC0679001218E3 /* Assets.xcassets */; };
		1A68ECDB1DEC0679001218E3 /* LaunchScreen.storyboard in Resources */ = {isa = PBXBuildFile; fileRef = 1A68ECD91DEC0679001218E3 /* LaunchScreen.storyboard */; };
		1A68ECE41DEC06A0001218E3 /* ParseDictToModel.m in Sources */ = {isa = PBXBuildFile; fileRef = 1A68ECE31DEC06A0001218E3 /* ParseDictToModel.m */; };
		1A68ECE71DEC06D5001218E3 /* PersonModel.m in Sources */ = {isa = PBXBuildFile; fileRef = 1A68ECE61DEC06D5001218E3 /* PersonModel.m */; };
/* End PBXBuildFile section */

/* Begin PBXFileReference section */
		1A68ECC81DEC0679001218E3 /* TestParse.app */ = {isa = PBXFileReference; explicitFileType = wrapper.application; includeInIndex = 0; path = TestParse.app; sourceTree = BUILT_PRODUCTS_DIR; };
		1A68ECCC1DEC0679001218E3 /* main.m */ = {isa = PBXFileReference; lastKnownFileType = sourcecode.c.objc; path = main.m; sourceTree = "<group>"; };
		1A68ECCE1DEC0679001218E3 /* AppDelegate.h */ = {isa = PBXFileReference; lastKnownFileType = sourcecode.c.h; path = AppDelegate.h; sourceTree = "<group>"; };
		1A68ECCF1DEC0679001218E3 /* AppDelegate.m */ = {isa = PBXFileReference; lastKnownFileType = sourcecode.c.objc; path = AppDelegate.m; sourceTree = "<group>"; };
		1A68ECD11DEC0679001218E3 /* ViewController.h */ = {isa = PBXFileReference; lastKnownFileType = sourcecode.c.h; path = ViewController.h; sourceTree = "<group>"; };
		1A68ECD21DEC0679001218E3 /* ViewController.m */ = {isa = PBXFileReference; lastKnownFileType = sourcecode.c.objc; path = ViewController.m; sourceTree = "<group>"; };
		1A68ECD51DEC0679001218E3 /* Base */ = {isa = PBXFileReference; lastKnownFileType = file.storyboard; name = Base; path = Base.lproj/Main.storyboard; sourceTree = "<group>"; };
		1A68ECD71DEC0679001218E3 /* Assets.xcassets */ = {isa = PBXFileReference; lastKnownFileType = folder.assetcatalog; path = Assets.xcassets; sourceTree = "<group>"; };
		1A68ECDA1DEC0679001218E3 /* Base */ = {isa = PBXFileReference; lastKnownFileType = file.storyboard; name = Base; path = Base.lproj/LaunchScreen.storyboard; sourceTree = "<group>"; };
		1A68ECDC1DEC0679001218E3 /* Info.plist */ = {isa = PBXFileReference; lastKnownFileType = text.plist.xml; path = Info.plist; sourceTree = "<group>"; };
		1A68ECE21DEC06A0001218E3 /* ParseDictToModel.h */ = {isa = PBXFileReference; fileEncoding = 4; lastKnownFileType = sourcecode.c.h; path = ParseDictToModel.h; sourceTree = "<group>"; };
		1A68ECE31DEC06A0001218E3 /* ParseDictToModel.m */ = {isa = PBXFileReference; fileEncoding = 4; lastKnownFileType = sourcecode.c.objc; path = ParseDictToModel.m; sourceTree = "<group>"; };
		1A68ECE51DEC06D5001218E3 /* PersonModel.h */ = {isa = PBXFileReference; fileEncoding = 4; lastKnownFileType = sourcecode.c.h; path = PersonModel.h; sourceTree = "<group>"; };
		1A68ECE61DEC06D5001218E3 /* PersonModel.m */ = {isa = PBXFileReference; fileEncoding = 4; lastKnownFileType = sourcecode.c.objc; path = PersonModel.m; sourceTree = "<group>"; };
/* End PBXFileReference section */

/* Begin PBXFrameworksBuildPhase section */
		1A68ECC51DEC0679001218E3 /* Frameworks */ = {
			isa = PBXFrameworksBuildPhase;
			buildActionMask = 2147483647;
			files = (
			);
			runOnlyForDeploymentPostprocessing = 0;
		};
/* End PBXFrameworksBuildPhase section */

/* Begin PBXGroup section */
		1A68ECBF1DEC0679001218E3 = {
			isa = PBXGroup;
			children = (
				1A68ECCA1DEC0679001218E3 /* TestParse */,
				1A68ECC91DEC0679001218E3 /* Products */,
			);
			sourceTree = "<group>";
		};
		1A68ECC91DEC0679001218E3 /* Products */ = {
			isa = PBXGroup;
			children = (
				1A68ECC81DEC0679001218E3 /* TestParse.app */,
			);
			name = Products;
			sourceTree = "<group>";
		};
		1A68ECCA1DEC0679001218E3 /* TestParse */ = {
			isa = PBXGroup;
			children = (
				1A68ECE21DEC06A0001218E3 /* ParseDictToModel.h */,
				1A68ECE31DEC06A0001218E3 /* ParseDictToModel.m */,
				1A68ECCE1DEC0679001218E3 /* AppDelegate.h */,
				1A68ECCF1DEC0679001218E3 /* AppDelegate.m */,
				1A68ECD11DEC0679001218E3 /* ViewController.h */,
				1A68ECD21DEC0679001218E3 /* ViewController.m */,
				1A68ECD41DEC0679001218E3 /* Main.storyboard */,
				1A68ECD71DEC0679001218E3 /* Assets.xcassets */,
				1A68ECD91DEC0679001218E3 /* LaunchScreen.storyboard */,
				1A68ECDC1DEC0679001218E3 /* Info.plist */,
				1A68ECCB1DEC0679001218E3 /* Supporting Files */,
				1A68ECE51DEC06D5001218E3 /* PersonModel.h */,
				1A68ECE61DEC06D5001218E3 /* PersonModel.m */,
			);
			path = TestParse;
			sourceTree = "<group>";
		};
		1A68ECCB1DEC0679001218E3 /* Supporting Files */ = {
			isa = PBXGroup;
			children = (
				1A68ECCC1DEC0679001218E3 /* main.m */,
			);
			name = "Supporting Files";
			sourceTree = "<group>";
		};
/* End PBXGroup section */

/* Begin PBXNativeTarget section */
		1A68ECC71DEC0679001218E3 /* TestParse */ = {
			isa = PBXNativeTarget;
			buildConfigurationList = 1A68ECDF1DEC0679001218E3 /* Build configuration list for PBXNativeTarget "TestParse" */;
			buildPhases = (
				1A68ECC41DEC0679001218E3 /* Sources */,
				1A68ECC51DEC0679001218E3 /* Frameworks */,
				1A68ECC61DEC0679001218E3 /* Resources */,
			);
			buildRules = (
			);
			dependencies = (
			);
			name = TestParse;
			productName = TestParse;
			productReference = 1A68ECC81DEC0679001218E3 /* TestParse.app */;
			productType = "com.apple.product-type.application";
		};
/* End PBXNativeTarget section */

/* Begin PBXProject section */
		1A68ECC01DEC0679001218E3 /* Project object */ = {
			isa = PBXProject;
			attributes = {
				LastUpgradeCheck = 0800;
				ORGANIZATIONNAME = James;
				TargetAttributes = {
					1A68ECC71DEC0679001218E3 = {
						CreatedOnToolsVersion = 8.0;
						ProvisioningStyle = Automatic;
					};
				};
			};
			buildConfigurationList = 1A68ECC31DEC0679001218E3 /* Build configuration list for PBXProject "TestParse" */;
			compatibilityVersion = "Xcode 3.2";
			developmentRegion = English;
			hasScannedForEncodings = 0;
			knownRegions = (
				en,
				Base,
			);
			mainGroup = 1A68ECBF1DEC0679001218E3;
			productRefGroup = 1A68ECC91DEC0679001218E3 /* Products */;
			projectDirPath = "";
			projectRoot = "";
			targets = (
				1A68ECC71DEC0679001218E3 /* TestParse */,
			);
		};
/* End PBXProject section */

/* Begin PBXResourcesBuildPhase section */
		1A68ECC61DEC0679001218E3 /* Resources */ = {
			isa = PBXResourcesBuildPhase;
			buildActionMask = 2147483647;
			files = (
				1A68ECDB1DEC0679001218E3 /* LaunchScreen.storyboard in Resources */,
				1A68ECD81DEC0679001218E3 /* Assets.xcassets in Resources */,
				1A68ECD61DEC0679001218E3 /* Main.storyboard in Resources */,
			);
			runOnlyForDeploymentPostprocessing = 0;
		};
/* End PBXResourcesBuildPhase section */

/* Begin PBXSourcesBuildPhase section */
		1A68ECC41DEC0679001218E3 /* Sources */ = {
			isa = PBXSourcesBuildPhase;
			buildActionMask = 2147483647;
			files = (
				1A68ECE71DEC06D5001218E3 /* PersonModel.m in Sources */,
				1A68ECE41DEC06A0001218E3 /* ParseDictToModel.m in Sources */,
				1A68ECD31DEC0679001218E3 /* ViewController.m in Sources */,
				1A68ECD01DEC0679001218E3 /* AppDelegate.m in Sources */,
				1A68ECCD1DEC0679001218E3 /* main.m in Sources */,
			);
			runOnlyForDeploymentPostprocessing = 0;
		};
/* End PBXSourcesBuildPhase section */

/* Begin PBXVariantGroup section */
		1A68ECD41DEC0679001218E3 /* Main.storyboard */ = {
			isa = PBXVariantGroup;
			children = (
				1A68ECD51DEC0679001218E3 /* Base */,
			);
			name = Main.storyboard;
			sourceTree = "<group>";
		};
		1A68ECD91DEC0679001218E3 /* LaunchScreen.storyboard */ = {
			isa = PBXVariantGroup;
			children = (
				1A68ECDA1DEC0679001218E3 /* Base */,
			);
			name = LaunchScreen.storyboard;
			sourceTree = "<group>";
		};
/* End PBXVariantGroup section */

/* Begin XCBuildConfiguration section */
		1A68ECDD1DEC0679001218E3 /* Debug */ = {
			isa = XCBuildConfiguration;
			buildSettings = {
				ALWAYS_SEARCH_USER_PATHS = NO;
				CLANG_ANALYZER_NONNULL = YES;
				CLANG_CXX_LANGUAGE_STANDARD = "gnu++0x";
				CLANG_CXX_LIBRARY = "libc++";
				CLANG_ENABLE_MODULES = YES;
				CLANG_ENABLE_OBJC_ARC = YES;
				CLANG_WARN_BOOL_CONVERSION = YES;
				CLANG_WARN_CONSTANT_CONVERSION = YES;
				CLANG_WARN_DIRECT_OBJC_ISA_USAGE = YES_ERROR;
				CLANG_WARN_DOCUMENTATION_COMMENTS = YES;
				CLANG_WARN_EMPTY_BODY = YES;
				CLANG_WARN_ENUM_CONVERSION = YES;
				CLANG_WARN_INFINITE_RECURSION = YES;
				CLANG_WARN_INT_CONVERSION = YES;
				CLANG_WARN_OBJC_ROOT_CLASS = YES_ERROR;
				CLANG_WARN_SUSPICIOUS_MOVES = YES;
				CLANG_WARN_UNREACHABLE_CODE = YES;
				CLANG_WARN__DUPLICATE_METHOD_MATCH = YES;
				"CODE_SIGN_IDENTITY[sdk=iphoneos*]" = "iPhone Developer";
				COPY_PHASE_STRIP = NO;
				DEBUG_INFORMATION_FORMAT = dwarf;
				ENABLE_STRICT_OBJC_MSGSEND = YES;
				ENABLE_TESTABILITY = YES;
				GCC_C_LANGUAGE_STANDARD = gnu99;
				GCC_DYNAMIC_NO_PIC = NO;
				GCC_NO_COMMON_BLOCKS = YES;
				GCC_OPTIMIZATION_LEVEL = 0;
				GCC_PREPROCESSOR_DEFINITIONS = (
					"DEBUG=1",
					"$(inherited)",
				);
				GCC_WARN_64_TO_32_BIT_CONVERSION = YES;
				GCC_WARN_ABOUT_RETURN_TYPE = YES_ERROR;
				GCC_WARN_UNDECLARED_SELECTOR = YES;
				GCC_WARN_UNINITIALIZED_AUTOS = YES_AGGRESSIVE;
				GCC_WARN_UNUSED_FUNCTION = YES;
				GCC_WARN_UNUSED_VARIABLE = YES;
				IPHONEOS_DEPLOYMENT_TARGET = 10.0;
				MTL_ENABLE_DEBUG_INFO = YES;
				ONLY_ACTIVE_ARCH = YES;
				SDKROOT = iphoneos;
			};
			name = Debug;
		};
		1A68ECDE1DEC0679001218E3 /* Release */ = {
			isa = XCBuildConfiguration;
			buildSettings = {
				ALWAYS_SEARCH_USER_PATHS = NO;
				CLANG_ANALYZER_NONNULL = YES;
				CLANG_CXX_LANGUAGE_STANDARD = "gnu++0x";
				CLANG_CXX_LIBRARY = "libc++";
				CLANG_ENABLE_MODULES = YES;
				CLANG_ENABLE_OBJC_ARC = YES;
				CLANG_WARN_BOOL_CONVERSION = YES;
				CLANG_WARN_CONSTANT_CONVERSION = YES;
				CLANG_WARN_DIRECT_OBJC_ISA_USAGE = YES_ERROR;
				CLANG_WARN_DOCUMENTATION_COMMENTS = YES;
				CLANG_WARN_EMPTY_BODY = YES;
				CLANG_WARN_ENUM_CONVERSION = YES;
				CLANG_WARN_INFINITE_RECURSION = YES;
				CLANG_WARN_INT_CONVERSION = YES;
				CLANG_WARN_OBJC_ROOT_CLASS = YES_ERROR;
				CLANG_WARN_SUSPICIOUS_MOVES = YES;
				CLANG_WARN_UNREACHABLE_CODE = YES;
				CLANG_WARN__DUPLICATE_METHOD_MATCH = YES;
				"CODE_SIGN_IDENTITY[sdk=iphoneos*]" = "iPhone Developer";
				COPY_PHASE_STRIP = NO;
				DEBUG_INFORMATION_FORMAT = "dwarf-with-dsym";
				ENABLE_NS_ASSERTIONS = NO;
				ENABLE_STRICT_OBJC_MSGSEND = YES;
				GCC_C_LANGUAGE_STANDARD = gnu99;
				GCC_NO_COMMON_BLOCKS = YES;
				GCC_WARN_64_TO_32_BIT_CONVERSION = YES;
				GCC_WARN_ABOUT_RETURN_TYPE = YES_ERROR;
				GCC_WARN_UNDECLARED_SELECTOR = YES;
				GCC_WARN_UNINITIALIZED_AUTOS = YES_AGGRESSIVE;
				GCC_WARN_UNUSED_FUNCTION = YES;
				GCC_WARN_UNUSED_VARIABLE = YES;
				IPHONEOS_DEPLOYMENT_TARGET = 10.0;
				MTL_ENABLE_DEBUG_INFO = NO;
				SDKROOT = iphoneos;
				VALIDATE_PRODUCT = YES;
			};
			name = Release;
		};
		1A68ECE01DEC0679001218E3 /* Debug */ = {
			isa = XCBuildConfiguration;
			buildSettings = {
				ASSETCATALOG_COMPILER_APPICON_NAME = AppIcon;
				INFOPLIST_FILE = TestParse/Info.plist;
				IPHONEOS_DEPLOYMENT_TARGET = 8.0;
				LD_RUNPATH_SEARCH_PATHS = "$(inherited) @executable_path/Frameworks";
				PRODUCT_BUNDLE_IDENTIFIER = James.TestParse;
				PRODUCT_NAME = "$(TARGET_NAME)";
			};
			name = Debug;
		};
		1A68ECE11DEC0679001218E3 /* Release */ = {
			isa = XCBuildConfiguration;
			buildSettings = {
				ASSETCATALOG_COMPILER_APPICON_NAME = AppIcon;
				INFOPLIST_FILE = TestParse/Info.plist;
				IPHONEOS_DEPLOYMENT_TARGET = 8.0;
				LD_RUNPATH_SEARCH_PATHS = "$(inherited) @executable_path/Frameworks";
				PRODUCT_BUNDLE_IDENTIFIER = James.TestParse;
				PRODUCT_NAME = "$(TARGET_NAME)";
			};
			name = Release;
		};
/* End XCBuildConfiguration section */

/* Begin XCConfigurationList section */
		1A68ECC31DEC0679001218E3 /* Build configuration list for PBXProject "TestParse" */ = {
			isa = XCConfigurationList;
			buildConfigurations = (
				1A68ECDD1DEC0679001218E3 /* Debug */,
				1A68ECDE1DEC0679001218E3 /* Release */,
			);
			defaultConfigurationIsVisible = 0;
			defaultConfigurationName = Release;
		};
		1A68ECDF1DEC0679001218E3 /* Build configuration list for PBXNativeTarget "TestParse" */ = {
			isa = XCConfigurationList;
			buildConfigurations = (
				1A68ECE01DEC0679001218E3 /* Debug */,
				1A68ECE11DEC0679001218E3 /* Release */,
			);
			defaultConfigurationIsVisible = 0;
		};
/* End XCConfigurationList section */
	};
	rootObject = 1A68ECC01DEC0679001218E3 /* Project object */;
}
